
Microsoft Visual Studio Solution File, Format Version 12.00
# Visual Studio Version 17
VisualStudioVersion = 17.11.35327.3
MinimumVisualStudioVersion = 10.0.40219.1
Project("{FAE04EC0-301F-11D3-BF4B-00C04F79EFBC}") = "EasePixEditor", "EasePixEditor\EasePixEditor.csproj", "{ADC961EB-E983-46F4-8BC7-402DEE2CC21F}"
EndProject
Project("{8BC9CEB8-8B4A-11D0-8D11-00A0C91BC942}") = "Engine", "Engine\Engine.vcxproj", "{EAB7EB3F-EFE4-40A1-AAF0-C379BDAE1BDB}"
EndProject
Project("{8BC9CEB8-8B4A-11D0-8D11-00A0C91BC942}") = "EngineTest", "EngineTest\EngineTest.vcxproj", "{6458607B-95D6-43A9-8875-F9A1A4E4F656}"
	ProjectSection(ProjectDependencies) = postProject
		{EAB7EB3F-EFE4-40A1-AAF0-C379BDAE1BDB} = {EAB7EB3F-EFE4-40A1-AAF0-C379BDAE1BDB}
	EndProjectSection
EndProject
Project("{8BC9CEB8-8B4A-11D0-8D11-00A0C91BC942}") = "EngineDLL", "EngineDLL\EngineDLL.vcxproj", "{58B4D27A-33B6-455B-A7FD-33A742CBCED2}"
	ProjectSection(ProjectDependencies) = postProject
		{EAB7EB3F-EFE4-40A1-AAF0-C379BDAE1BDB} = {EAB7EB3F-EFE4-40A1-AAF0-C379BDAE1BDB}
	EndProjectSection
EndProject
Project("{8BC9CEB8-8B4A-11D0-8D11-00A0C91BC942}") = "ContentTools", "ContentTools\ContentTools.vcxproj", "{D8DF2E90-D301-4E1F-8A8C-B8950BBCDB78}"
EndProject
Global
	GlobalSection(SolutionConfigurationPlatforms) = preSolution
		Debug|x64 = Debug|x64
		DebugEditor|x64 = DebugEditor|x64
		Release|x64 = Release|x64
		ReleaseEditor|x64 = ReleaseEditor|x64
	EndGlobalSection
	GlobalSection(ProjectConfigurationPlatforms) = postSolution
		{ADC961EB-E983-46F4-8BC7-402DEE2CC21F}.Debug|x64.ActiveCfg = DebugEditor|x64
		{ADC961EB-E983-46F4-8BC7-402DEE2CC21F}.Debug|x64.Build.0 = DebugEditor|x64
		{ADC961EB-E983-46F4-8BC7-402DEE2CC21F}.DebugEditor|x64.ActiveCfg = DebugEditor|x64
		{ADC961EB-E983-46F4-8BC7-402DEE2CC21F}.DebugEditor|x64.Build.0 = DebugEditor|x64
		{ADC961EB-E983-46F4-8BC7-402DEE2CC21F}.Release|x64.ActiveCfg = ReleaseEditor|x64
		{ADC961EB-E983-46F4-8BC7-402DEE2CC21F}.Release|x64.Build.0 = ReleaseEditor|x64
		{ADC961EB-E983-46F4-8BC7-402DEE2CC21F}.ReleaseEditor|x64.ActiveCfg = ReleaseEditor|x64
		{ADC961EB-E983-46F4-8BC7-402DEE2CC21F}.ReleaseEditor|x64.Build.0 = ReleaseEditor|x64
		{EAB7EB3F-EFE4-40A1-AAF0-C379BDAE1BDB}.Debug|x64.ActiveCfg = Debug|x64
		{EAB7EB3F-EFE4-40A1-AAF0-C379BDAE1BDB}.Debug|x64.Build.0 = Debug|x64
		{EAB7EB3F-EFE4-40A1-AAF0-C379BDAE1BDB}.DebugEditor|x64.ActiveCfg = DebugEditor|x64
		{EAB7EB3F-EFE4-40A1-AAF0-C379BDAE1BDB}.DebugEditor|x64.Build.0 = DebugEditor|x64
		{EAB7EB3F-EFE4-40A1-AAF0-C379BDAE1BDB}.Release|x64.ActiveCfg = Release|x64
		{EAB7EB3F-EFE4-40A1-AAF0-C379BDAE1BDB}.Release|x64.Build.0 = Release|x64
		{EAB7EB3F-EFE4-40A1-AAF0-C379BDAE1BDB}.ReleaseEditor|x64.ActiveCfg = ReleaseEditor|x64
		{EAB7EB3F-EFE4-40A1-AAF0-C379BDAE1BDB}.ReleaseEditor|x64.Build.0 = ReleaseEditor|x64
		{6458607B-95D6-43A9-8875-F9A1A4E4F656}.Debug|x64.ActiveCfg = Debug|x64
		{6458607B-95D6-43A9-8875-F9A1A4E4F656}.Debug|x64.Build.0 = Debug|x64
		{6458607B-95D6-43A9-8875-F9A1A4E4F656}.DebugEditor|x64.ActiveCfg = DebugEditor|x64
		{6458607B-95D6-43A9-8875-F9A1A4E4F656}.DebugEditor|x64.Build.0 = DebugEditor|x64
		{6458607B-95D6-43A9-8875-F9A1A4E4F656}.Release|x64.ActiveCfg = Release|x64
		{6458607B-95D6-43A9-8875-F9A1A4E4F656}.Release|x64.Build.0 = Release|x64
		{6458607B-95D6-43A9-8875-F9A1A4E4F656}.ReleaseEditor|x64.ActiveCfg = ReleaseEditor|x64
		{6458607B-95D6-43A9-8875-F9A1A4E4F656}.ReleaseEditor|x64.Build.0 = ReleaseEditor|x64
		{58B4D27A-33B6-455B-A7FD-33A742CBCED2}.Debug|x64.ActiveCfg = DebugEditor|x64
		{58B4D27A-33B6-455B-A7FD-33A742CBCED2}.Debug|x64.Build.0 = DebugEditor|x64
		{58B4D27A-33B6-455B-A7FD-33A742CBCED2}.DebugEditor|x64.ActiveCfg = DebugEditor|x64
		{58B4D27A-33B6-455B-A7FD-33A742CBCED2}.DebugEditor|x64.Build.0 = DebugEditor|x64
		{58B4D27A-33B6-455B-A7FD-33A742CBCED2}.Release|x64.ActiveCfg = DebugEditor|x64
		{58B4D27A-33B6-455B-A7FD-33A742CBCED2}.Release|x64.Build.0 = DebugEditor|x64
		{58B4D27A-33B6-455B-A7FD-33A742CBCED2}.ReleaseEditor|x64.ActiveCfg = ReleaseEditor|x64
		{58B4D27A-33B6-455B-A7FD-33A742CBCED2}.ReleaseEditor|x64.Build.0 = ReleaseEditor|x64
		{D8DF2E90-D301-4E1F-8A8C-B8950BBCDB78}.Debug|x64.ActiveCfg = DebugEditor|x64
		{D8DF2E90-D301-4E1F-8A8C-B8950BBCDB78}.Debug|x64.Build.0 = DebugEditor|x64
		{D8DF2E90-D301-4E1F-8A8C-B8950BBCDB78}.DebugEditor|x64.ActiveCfg = DebugEditor|x64
		{D8DF2E90-D301-4E1F-8A8C-B8950BBCDB78}.DebugEditor|x64.Build.0 = DebugEditor|x64
		{D8DF2E90-D301-4E1F-8A8C-B8950BBCDB78}.Release|x64.ActiveCfg = ReleaseEditor|x64
		{D8DF2E90-D301-4E1F-8A8C-B8950BBCDB78}.Release|x64.Build.0 = ReleaseEditor|x64
		{D8DF2E90-D301-4E1F-8A8C-B8950BBCDB78}.ReleaseEditor|x64.ActiveCfg = ReleaseEditor|x64
		{D8DF2E90-D301-4E1F-8A8C-B8950BBCDB78}.ReleaseEditor|x64.Build.0 = ReleaseEditor|x64
	EndGlobalSection
	GlobalSection(SolutionProperties) = preSolution
		HideSolutionNode = FALSE
	EndGlobalSection
	GlobalSection(ExtensibilityGlobals) = postSolution
		SolutionGuid = {3FA6FDFA-9274-49C5-B177-0021D702D7B5}
	EndGlobalSection
EndGlobal
